// !$*UTF8*$!
{
	archiveVersion = 1;
	classes = {
	};
	objectVersion = 50;
	objects = {

/* Begin PBXBuildFile section */
		7AA4D9CD215DB8600001696A /* AppDelegate.m in Sources */ = {isa = PBXBuildFile; fileRef = 7AA4D9CC215DB8600001696A /* AppDelegate.m */; };
		7AA4D9D0215DB8600001696A /* ViewController.m in Sources */ = {isa = PBXBuildFile; fileRef = 7AA4D9CF215DB8600001696A /* ViewController.m */; };
		7AA4D9D3215DB8600001696A /* Main.storyboard in Resources */ = {isa = PBXBuildFile; fileRef = 7AA4D9D1215DB8600001696A /* Main.storyboard */; };
		7AA4D9D5215DB8630001696A /* Assets.xcassets in Resources */ = {isa = PBXBuildFile; fileRef = 7AA4D9D4215DB8630001696A /* Assets.xcassets */; };
		7AA4D9D8215DB8630001696A /* LaunchScreen.storyboard in Resources */ = {isa = PBXBuildFile; fileRef = 7AA4D9D6215DB8630001696A /* LaunchScreen.storyboard */; };
		7AA4D9DB215DB8630001696A /* main.m in Sources */ = {isa = PBXBuildFile; fileRef = 7AA4D9DA215DB8630001696A /* main.m */; };
		7AA4D9E5215DB8630001696A /* HQAlertViewTests.m in Sources */ = {isa = PBXBuildFile; fileRef = 7AA4D9E4215DB8630001696A /* HQAlertViewTests.m */; };
		7AA4D9F0215DB8630001696A /* HQAlertViewUITests.m in Sources */ = {isa = PBXBuildFile; fileRef = 7AA4D9EF215DB8630001696A /* HQAlertViewUITests.m */; };
/* End PBXBuildFile section */

/* Begin PBXContainerItemProxy section */
		7AA4D9E1215DB8630001696A /* PBXContainerItemProxy */ = {
			isa = PBXContainerItemProxy;
			containerPortal = 7AA4D9C0215DB8600001696A /* Project object */;
			proxyType = 1;
			remoteGlobalIDString = 7AA4D9C7215DB8600001696A;
			remoteInfo = HQAlertView;
		};
		7AA4D9EC215DB8630001696A /* PBXContainerItemProxy */ = {
			isa = PBXContainerItemProxy;
			containerPortal = 7AA4D9C0215DB8600001696A /* Project object */;
			proxyType = 1;
			remoteGlobalIDString = 7AA4D9C7215DB8600001696A;
			remoteInfo = HQAlertView;
		};
/* End PBXContainerItemProxy section */

/* Begin PBXFileReference section */
		7AA4D9C8215DB8600001696A /* HQAlertView.app */ = {isa = PBXFileReference; explicitFileType = wrapper.application; includeInIndex = 0; path = HQAlertView.app; sourceTree = BUILT_PRODUCTS_DIR; };
		7AA4D9CB215DB8600001696A /* AppDelegate.h */ = {isa = PBXFileReference; lastKnownFileType = sourcecode.c.h; path = AppDelegate.h; sourceTree = "<group>"; };
		7AA4D9CC215DB8600001696A /* AppDelegate.m */ = {isa = PBXFileReference; lastKnownFileType = sourcecode.c.objc; path = AppDelegate.m; sourceTree = "<group>"; };
		7AA4D9CE215DB8600001696A /* ViewController.h */ = {isa = PBXFileReference; lastKnownFileType = sourcecode.c.h; path = ViewController.h; sourceTree = "<group>"; };
		7AA4D9CF215DB8600001696A /* ViewController.m */ = {isa = PBXFileReference; lastKnownFileType = sourcecode.c.objc; path = ViewController.m; sourceTree = "<group>"; };
		7AA4D9D2215DB8600001696A /* Base */ = {isa = PBXFileReference; lastKnownFileType = file.storyboard; name = Base; path = Base.lproj/Main.storyboard; sourceTree = "<group>"; };
		7AA4D9D4215DB8630001696A /* Assets.xcassets */ = {isa = PBXFileReference; lastKnownFileType = folder.assetcatalog; path = Assets.xcassets; sourceTree = "<group>"; };
		7AA4D9D7215DB8630001696A /* Base */ = {isa = PBXFileReference; lastKnownFileType = file.storyboard; name = Base; path = Base.lproj/LaunchScreen.storyboard; sourceTree = "<group>"; };
		7AA4D9D9215DB8630001696A /* Info.plist */ = {isa = PBXFileReference; lastKnownFileType = text.plist.xml; path = Info.plist; sourceTree = "<group>"; };
		7AA4D9DA215DB8630001696A /* main.m */ = {isa = PBXFileReference; lastKnownFileType = sourcecode.c.objc; path = main.m; sourceTree = "<group>"; };
		7AA4D9E0215DB8630001696A /* HQAlertViewTests.xctest */ = {isa = PBXFileReference; explicitFileType = wrapper.cfbundle; includeInIndex = 0; path = HQAlertViewTests.xctest; sourceTree = BUILT_PRODUCTS_DIR; };
		7AA4D9E4215DB8630001696A /* HQAlertViewTests.m */ = {isa = PBXFileReference; lastKnownFileType = sourcecode.c.objc; path = HQAlertViewTests.m; sourceTree = "<group>"; };
		7AA4D9E6215DB8630001696A /* Info.plist */ = {isa = PBXFileReference; lastKnownFileType = text.plist.xml; path = Info.plist; sourceTree = "<group>"; };
		7AA4D9EB215DB8630001696A /* HQAlertViewUITests.xctest */ = {isa = PBXFileReference; explicitFileType = wrapper.cfbundle; includeInIndex = 0; path = HQAlertViewUITests.xctest; sourceTree = BUILT_PRODUCTS_DIR; };
		7AA4D9EF215DB8630001696A /* HQAlertViewUITests.m */ = {isa = PBXFileReference; lastKnownFileType = sourcecode.c.objc; path = HQAlertViewUITests.m; sourceTree = "<group>"; };
		7AA4D9F1215DB8630001696A /* Info.plist */ = {isa = PBXFileReference; lastKnownFileType = text.plist.xml; path = Info.plist; sourceTree = "<group>"; };
/* End PBXFileReference section */

/* Begin PBXFrameworksBuildPhase section */
		7AA4D9C5215DB8600001696A /* Frameworks */ = {
			isa = PBXFrameworksBuildPhase;
			buildActionMask = 2147483647;
			files = (
			);
			runOnlyForDeploymentPostprocessing = 0;
		};
		7AA4D9DD215DB8630001696A /* Frameworks */ = {
			isa = PBXFrameworksBuildPhase;
			buildActionMask = 2147483647;
			files = (
			);
			runOnlyForDeploymentPostprocessing = 0;
		};
		7AA4D9E8215DB8630001696A /* Frameworks */ = {
			isa = PBXFrameworksBuildPhase;
			buildActionMask = 2147483647;
			files = (
			);
			runOnlyForDeploymentPostprocessing = 0;
		};
/* End PBXFrameworksBuildPhase section */

/* Begin PBXGroup section */
		7AA4D9BF215DB8600001696A = {
			isa = PBXGroup;
			children = (
				7AA4D9CA215DB8600001696A /* HQAlertView */,
				7AA4D9E3215DB8630001696A /* HQAlertViewTests */,
				7AA4D9EE215DB8630001696A /* HQAlertViewUITests */,
				7AA4D9C9215DB8600001696A /* Products */,
			);
			sourceTree = "<group>";
		};
		7AA4D9C9215DB8600001696A /* Products */ = {
			isa = PBXGroup;
			children = (
				7AA4D9C8215DB8600001696A /* HQAlertView.app */,
				7AA4D9E0215DB8630001696A /* HQAlertViewTests.xctest */,
				7AA4D9EB215DB8630001696A /* HQAlertViewUITests.xctest */,
			);
			name = Products;
			sourceTree = "<group>";
		};
		7AA4D9CA215DB8600001696A /* HQAlertView */ = {
			isa = PBXGroup;
			children = (
				7AA4D9CB215DB8600001696A /* AppDelegate.h */,
				7AA4D9CC215DB8600001696A /* AppDelegate.m */,
				7AA4D9CE215DB8600001696A /* ViewController.h */,
				7AA4D9CF215DB8600001696A /* ViewController.m */,
				7AA4D9D1215DB8600001696A /* Main.storyboard */,
				7AA4D9D4215DB8630001696A /* Assets.xcassets */,
				7AA4D9D6215DB8630001696A /* LaunchScreen.storyboard */,
				7AA4D9D9215DB8630001696A /* Info.plist */,
				7AA4D9DA215DB8630001696A /* main.m */,
			);
			path = HQAlertView;
			sourceTree = "<group>";
		};
		7AA4D9E3215DB8630001696A /* HQAlertViewTests */ = {
			isa = PBXGroup;
			children = (
				7AA4D9E4215DB8630001696A /* HQAlertViewTests.m */,
				7AA4D9E6215DB8630001696A /* Info.plist */,
			);
			path = HQAlertViewTests;
			sourceTree = "<group>";
		};
		7AA4D9EE215DB8630001696A /* HQAlertViewUITests */ = {
			isa = PBXGroup;
			children = (
				7AA4D9EF215DB8630001696A /* HQAlertViewUITests.m */,
				7AA4D9F1215DB8630001696A /* Info.plist */,
			);
			path = HQAlertViewUITests;
			sourceTree = "<group>";
		};
/* End PBXGroup section */

/* Begin PBXNativeTarget section */
		7AA4D9C7215DB8600001696A /* HQAlertView */ = {
			isa = PBXNativeTarget;
			buildConfigurationList = 7AA4D9F4215DB8630001696A /* Build configuration list for PBXNativeTarget "HQAlertView" */;
			buildPhases = (
				7AA4D9C4215DB8600001696A /* Sources */,
				7AA4D9C5215DB8600001696A /* Frameworks */,
				7AA4D9C6215DB8600001696A /* Resources */,
			);
			buildRules = (
			);
			dependencies = (
			);
			name = HQAlertView;
			productName = HQAlertView;
			productReference = 7AA4D9C8215DB8600001696A /* HQAlertView.app */;
			productType = "com.apple.product-type.application";
		};
		7AA4D9DF215DB8630001696A /* HQAlertViewTests */ = {
			isa = PBXNativeTarget;
			buildConfigurationList = 7AA4D9F7215DB8630001696A /* Build configuration list for PBXNativeTarget "HQAlertViewTests" */;
			buildPhases = (
				7AA4D9DC215DB8630001696A /* Sources */,
				7AA4D9DD215DB8630001696A /* Frameworks */,
				7AA4D9DE215DB8630001696A /* Resources */,
			);
			buildRules = (
			);
			dependencies = (
				7AA4D9E2215DB8630001696A /* PBXTargetDependency */,
			);
			name = HQAlertViewTests;
			productName = HQAlertViewTests;
			productReference = 7AA4D9E0215DB8630001696A /* HQAlertViewTests.xctest */;
			productType = "com.apple.product-type.bundle.unit-test";
		};
		7AA4D9EA215DB8630001696A /* HQAlertViewUITests */ = {
			isa = PBXNativeTarget;
			buildConfigurationList = 7AA4D9FA215DB8630001696A /* Build configuration list for PBXNativeTarget "HQAlertViewUITests" */;
			buildPhases = (
				7AA4D9E7215DB8630001696A /* Sources */,
				7AA4D9E8215DB8630001696A /* Frameworks */,
				7AA4D9E9215DB8630001696A /* Resources */,
			);
			buildRules = (
			);
			dependencies = (
				7AA4D9ED215DB8630001696A /* PBXTargetDependency */,
			);
			name = HQAlertViewUITests;
			productName = HQAlertViewUITests;
			productReference = 7AA4D9EB215DB8630001696A /* HQAlertViewUITests.xctest */;
			productType = "com.apple.product-type.bundle.ui-testing";
		};
/* End PBXNativeTarget section */

/* Begin PBXProject section */
		7AA4D9C0215DB8600001696A /* Project object */ = {
			isa = PBXProject;
			attributes = {
				LastUpgradeCheck = 1000;
				ORGANIZATIONNAME = "君凯商联网";
				TargetAttributes = {
					7AA4D9C7215DB8600001696A = {
						CreatedOnToolsVersion = 10.0;
					};
					7AA4D9DF215DB8630001696A = {
						CreatedOnToolsVersion = 10.0;
						TestTargetID = 7AA4D9C7215DB8600001696A;
					};
					7AA4D9EA215DB8630001696A = {
						CreatedOnToolsVersion = 10.0;
						TestTargetID = 7AA4D9C7215DB8600001696A;
					};
				};
			};
			buildConfigurationList = 7AA4D9C3215DB8600001696A /* Build configuration list for PBXProject "HQAlertView" */;
			compatibilityVersion = "Xcode 9.3";
			developmentRegion = en;
			hasScannedForEncodings = 0;
			knownRegions = (
				en,
				Base,
			);
			mainGroup = 7AA4D9BF215DB8600001696A;
			productRefGroup = 7AA4D9C9215DB8600001696A /* Products */;
			projectDirPath = "";
			projectRoot = "";
			targets = (
				7AA4D9C7215DB8600001696A /* HQAlertView */,
				7AA4D9DF215DB8630001696A /* HQAlertViewTests */,
				7AA4D9EA215DB8630001696A /* HQAlertViewUITests */,
			);
		};
/* End PBXProject section */

/* Begin PBXResourcesBuildPhase section */
		7AA4D9C6215DB8600001696A /* Resources */ = {
			isa = PBXResourcesBuildPhase;
			buildActionMask = 2147483647;
			files = (
				7AA4D9D8215DB8630001696A /* LaunchScreen.storyboard in Resources */,
				7AA4D9D5215DB8630001696A /* Assets.xcassets in Resources */,
				7AA4D9D3215DB8600001696A /* Main.storyboard in Resources */,
			);
			runOnlyForDeploymentPostprocessing = 0;
		};
		7AA4D9DE215DB8630001696A /* Resources */ = {
			isa = PBXResourcesBuildPhase;
			buildActionMask = 2147483647;
			files = (
			);
			runOnlyForDeploymentPostprocessing = 0;
		};
		7AA4D9E9215DB8630001696A /* Resources */ = {
			isa = PBXResourcesBuildPhase;
			buildActionMask = 2147483647;
			files = (
			);
			runOnlyForDeploymentPostprocessing = 0;
		};
/* End PBXResourcesBuildPhase section */

/* Begin PBXSourcesBuildPhase section */
		7AA4D9C4215DB8600001696A /* Sources */ = {
			isa = PBXSourcesBuildPhase;
			buildActionMask = 2147483647;
			files = (
				7AA4D9D0215DB8600001696A /* ViewController.m in Sources */,
				7AA4D9DB215DB8630001696A /* main.m in Sources */,
				7AA4D9CD215DB8600001696A /* AppDelegate.m in Sources */,
			);
			runOnlyForDeploymentPostprocessing = 0;
		};
		7AA4D9DC215DB8630001696A /* Sources */ = {
			isa = PBXSourcesBuildPhase;
			buildActionMask = 2147483647;
			files = (
				7AA4D9E5215DB8630001696A /* HQAlertViewTests.m in Sources */,
			);
			runOnlyForDeploymentPostprocessing = 0;
		};
		7AA4D9E7215DB8630001696A /* Sources */ = {
			isa = PBXSourcesBuildPhase;
			buildActionMask = 2147483647;
			files = (
				7AA4D9F0215DB8630001696A /* HQAlertViewUITests.m in Sources */,
			);
			runOnlyForDeploymentPostprocessing = 0;
		};
/* End PBXSourcesBuildPhase section */

/* Begin PBXTargetDependency section */
		7AA4D9E2215DB8630001696A /* PBXTargetDependency */ = {
			isa = PBXTargetDependency;
			target = 7AA4D9C7215DB8600001696A /* HQAlertView */;
			targetProxy = 7AA4D9E1215DB8630001696A /* PBXContainerItemProxy */;
		};
		7AA4D9ED215DB8630001696A /* PBXTargetDependency */ = {
			isa = PBXTargetDependency;
			target = 7AA4D9C7215DB8600001696A /* HQAlertView */;
			targetProxy = 7AA4D9EC215DB8630001696A /* PBXContainerItemProxy */;
		};
/* End PBXTargetDependency section */

/* Begin PBXVariantGroup section */
		7AA4D9D1215DB8600001696A /* Main.storyboard */ = {
			isa = PBXVariantGroup;
			children = (
				7AA4D9D2215DB8600001696A /* Base */,
			);
			name = Main.storyboard;
			sourceTree = "<group>";
		};
		7AA4D9D6215DB8630001696A /* LaunchScreen.storyboard */ = {
			isa = PBXVariantGroup;
			children = (
				7AA4D9D7215DB8630001696A /* Base */,
			);
			name = LaunchScreen.storyboard;
			sourceTree = "<group>";
		};
/* End PBXVariantGroup section */

/* Begin XCBuildConfiguration section */
		7AA4D9F2215DB8630001696A /* Debug */ = {
			isa = XCBuildConfiguration;
			buildSettings = {
				ALWAYS_SEARCH_USER_PATHS = NO;
				CLANG_ANALYZER_NONNULL = YES;
				CLANG_ANALYZER_NUMBER_OBJECT_CONVERSION = YES_AGGRESSIVE;
				CLANG_CXX_LANGUAGE_STANDARD = "gnu++14";
				CLANG_CXX_LIBRARY = "libc++";
				CLANG_ENABLE_MODULES = YES;
				CLANG_ENABLE_OBJC_ARC = YES;
				CLANG_ENABLE_OBJC_WEAK = YES;
				CLANG_WARN_BLOCK_CAPTURE_AUTORELEASING = YES;
				CLANG_WARN_BOOL_CONVERSION = YES;
				CLANG_WARN_COMMA = YES;
				CLANG_WARN_CONSTANT_CONVERSION = YES;
				CLANG_WARN_DEPRECATED_OBJC_IMPLEMENTATIONS = YES;
				CLANG_WARN_DIRECT_OBJC_ISA_USAGE = YES_ERROR;
				CLANG_WARN_DOCUMENTATION_COMMENTS = YES;
				CLANG_WARN_EMPTY_BODY = YES;
				CLANG_WARN_ENUM_CONVERSION = YES;
				CLANG_WARN_INFINITE_RECURSION = YES;
				CLANG_WARN_INT_CONVERSION = YES;
				CLANG_WARN_NON_LITERAL_NULL_CONVERSION = YES;
				CLANG_WARN_OBJC_IMPLICIT_RETAIN_SELF = YES;
				CLANG_WARN_OBJC_LITERAL_CONVERSION = YES;
				CLANG_WARN_OBJC_ROOT_CLASS = YES_ERROR;
				CLANG_WARN_RANGE_LOOP_ANALYSIS = YES;
				CLANG_WARN_STRICT_PROTOTYPES = YES;
				CLANG_WARN_SUSPICIOUS_MOVE = YES;
				CLANG_WARN_UNGUARDED_AVAILABILITY = YES_AGGRESSIVE;
				CLANG_WARN_UNREACHABLE_CODE = YES;
				CLANG_WARN__DUPLICATE_METHOD_MATCH = YES;
				CODE_SIGN_IDENTITY = "iPhone Developer";
				COPY_PHASE_STRIP = NO;
				DEBUG_INFORMATION_FORMAT = dwarf;
				ENABLE_STRICT_OBJC_MSGSEND = YES;
				ENABLE_TESTABILITY = YES;
				GCC_C_LANGUAGE_STANDARD = gnu11;
				GCC_DYNAMIC_NO_PIC = NO;
				GCC_NO_COMMON_BLOCKS = YES;
				GCC_OPTIMIZATION_LEVEL = 0;
				GCC_PREPROCESSOR_DEFINITIONS = (
					"DEBUG=1",
					"$(inherited)",
				);
				GCC_WARN_64_TO_32_BIT_CONVERSION = YES;
				GCC_WARN_ABOUT_RETURN_TYPE = YES_ERROR;
				GCC_WARN_UNDECLARED_SELECTOR = YES;
				GCC_WARN_UNINITIALIZED_AUTOS = YES_AGGRESSIVE;
				GCC_WARN_UNUSED_FUNCTION = YES;
				GCC_WARN_UNUSED_VARIABLE = YES;
				IPHONEOS_DEPLOYMENT_TARGET = 12.0;
				MTL_ENABLE_DEBUG_INFO = INCLUDE_SOURCE;
				MTL_FAST_MATH = YES;
				ONLY_ACTIVE_ARCH = YES;
				SDKROOT = iphoneos;
			};
			name = Debug;
		};
		7AA4D9F3215DB8630001696A /* Release */ = {
			isa = XCBuildConfiguration;
			buildSettings = {
				ALWAYS_SEARCH_USER_PATHS = NO;
				CLANG_ANALYZER_NONNULL = YES;
				CLANG_ANALYZER_NUMBER_OBJECT_CONVERSION = YES_AGGRESSIVE;
				CLANG_CXX_LANGUAGE_STANDARD = "gnu++14";
				CLANG_CXX_LIBRARY = "libc++";
				CLANG_ENABLE_MODULES = YES;
				CLANG_ENABLE_OBJC_ARC = YES;
				CLANG_ENABLE_OBJC_WEAK = YES;
				CLANG_WARN_BLOCK_CAPTURE_AUTORELEASING = YES;
				CLANG_WARN_BOOL_CONVERSION = YES;
				CLANG_WARN_COMMA = YES;
				CLANG_WARN_CONSTANT_CONVERSION = YES;
				CLANG_WARN_DEPRECATED_OBJC_IMPLEMENTATIONS = YES;
				CLANG_WARN_DIRECT_OBJC_ISA_USAGE = YES_ERROR;
				CLANG_WARN_DOCUMENTATION_COMMENTS = YES;
				CLANG_WARN_EMPTY_BODY = YES;
				CLANG_WARN_ENUM_CONVERSION = YES;
				CLANG_WARN_INFINITE_RECURSION = YES;
				CLANG_WARN_INT_CONVERSION = YES;
				CLANG_WARN_NON_LITERAL_NULL_CONVERSION = YES;
				CLANG_WARN_OBJC_IMPLICIT_RETAIN_SELF = YES;
				CLANG_WARN_OBJC_LITERAL_CONVERSION = YES;
				CLANG_WARN_OBJC_ROOT_CLASS = YES_ERROR;
				CLANG_WARN_RANGE_LOOP_ANALYSIS = YES;
				CLANG_WARN_STRICT_PROTOTYPES = YES;
				CLANG_WARN_SUSPICIOUS_MOVE = YES;
				CLANG_WARN_UNGUARDED_AVAILABILITY = YES_AGGRESSIVE;
				CLANG_WARN_UNREACHABLE_CODE = YES;
				CLANG_WARN__DUPLICATE_METHOD_MATCH = YES;
				CODE_SIGN_IDENTITY = "iPhone Developer";
				COPY_PHASE_STRIP = NO;
				DEBUG_INFORMATION_FORMAT = "dwarf-with-dsym";
				ENABLE_NS_ASSERTIONS = NO;
				ENABLE_STRICT_OBJC_MSGSEND = YES;
				GCC_C_LANGUAGE_STANDARD = gnu11;
				GCC_NO_COMMON_BLOCKS = YES;
				GCC_WARN_64_TO_32_BIT_CONVERSION = YES;
				GCC_WARN_ABOUT_RETURN_TYPE = YES_ERROR;
				GCC_WARN_UNDECLARED_SELECTOR = YES;
				GCC_WARN_UNINITIALIZED_AUTOS = YES_AGGRESSIVE;
				GCC_WARN_UNUSED_FUNCTION = YES;
				GCC_WARN_UNUSED_VARIABLE = YES;
				IPHONEOS_DEPLOYMENT_TARGET = 12.0;
				MTL_ENABLE_DEBUG_INFO = NO;
				MTL_FAST_MATH = YES;
				SDKROOT = iphoneos;
				VALIDATE_PRODUCT = YES;
			};
			name = Release;
		};
		7AA4D9F5215DB8630001696A /* Debug */ = {
			isa = XCBuildConfiguration;
			buildSettings = {
				ASSETCATALOG_COMPILER_APPICON_NAME = AppIcon;
				CODE_SIGN_STYLE = Automatic;
				INFOPLIST_FILE = HQAlertView/Info.plist;
				LD_RUNPATH_SEARCH_PATHS = (
					"$(inherited)",
					"@executable_path/Frameworks",
				);
				PRODUCT_BUNDLE_IDENTIFIER = JunKai.HQAlertView;
				PRODUCT_NAME = "$(TARGET_NAME)";
				TARGETED_DEVICE_FAMILY = "1,2";
			};
			name = Debug;
		};
		7AA4D9F6215DB8630001696A /* Release */ = {
			isa = XCBuildConfiguration;
			buildSettings = {
				ASSETCATALOG_COMPILER_APPICON_NAME = AppIcon;
				CODE_SIGN_STYLE = Automatic;
				INFOPLIST_FILE = HQAlertView/Info.plist;
				LD_RUNPATH_SEARCH_PATHS = (
					"$(inherited)",
					"@executable_path/Frameworks",
				);
				PRODUCT_BUNDLE_IDENTIFIER = JunKai.HQAlertView;
				PRODUCT_NAME = "$(TARGET_NAME)";
				TARGETED_DEVICE_FAMILY = "1,2";
			};
			name = Release;
		};
		7AA4D9F8215DB8630001696A /* Debug */ = {
			isa = XCBuildConfiguration;
			buildSettings = {
				BUNDLE_LOADER = "$(TEST_HOST)";
				CODE_SIGN_STYLE = Automatic;
				INFOPLIST_FILE = HQAlertViewTests/Info.plist;
				LD_RUNPATH_SEARCH_PATHS = (
					"$(inherited)",
					"@executable_path/Frameworks",
					"@loader_path/Frameworks",
				);
				PRODUCT_BUNDLE_IDENTIFIER = JunKai.HQAlertViewTests;
				PRODUCT_NAME = "$(TARGET_NAME)";
				TARGETED_DEVICE_FAMILY = "1,2";
				TEST_HOST = "$(BUILT_PRODUCTS_DIR)/HQAlertView.app/HQAlertView";
			};
			name = Debug;
		};
		7AA4D9F9215DB8630001696A /* Release */ = {
			isa = XCBuildConfiguration;
			buildSettings = {
				BUNDLE_LOADER = "$(TEST_HOST)";
				CODE_SIGN_STYLE = Automatic;
				INFOPLIST_FILE = HQAlertViewTests/Info.plist;
				LD_RUNPATH_SEARCH_PATHS = (
					"$(inherited)",
					"@executable_path/Frameworks",
					"@loader_path/Frameworks",
				);
				PRODUCT_BUNDLE_IDENTIFIER = JunKai.HQAlertViewTests;
				PRODUCT_NAME = "$(TARGET_NAME)";
				TARGETED_DEVICE_FAMILY = "1,2";
				TEST_HOST = "$(BUILT_PRODUCTS_DIR)/HQAlertView.app/HQAlertView";
			};
			name = Release;
		};
		7AA4D9FB215DB8630001696A /* Debug */ = {
			isa = XCBuildConfiguration;
			buildSettings = {
				CODE_SIGN_STYLE = Automatic;
				INFOPLIST_FILE = HQAlertViewUITests/Info.plist;
				LD_RUNPATH_SEARCH_PATHS = (
					"$(inherited)",
					"@executable_path/Frameworks",
					"@loader_path/Frameworks",
				);
				PRODUCT_BUNDLE_IDENTIFIER = JunKai.HQAlertViewUITests;
				PRODUCT_NAME = "$(TARGET_NAME)";
				TARGETED_DEVICE_FAMILY = "1,2";
				TEST_TARGET_NAME = HQAlertView;
			};
			name = Debug;
		};
		7AA4D9FC215DB8630001696A /* Release */ = {
			isa = XCBuildConfiguration;
			buildSettings = {
				CODE_SIGN_STYLE = Automatic;
				INFOPLIST_FILE = HQAlertViewUITests/Info.plist;
				LD_RUNPATH_SEARCH_PATHS = (
					"$(inherited)",
					"@executable_path/Frameworks",
					"@loader_path/Frameworks",
				);
				PRODUCT_BUNDLE_IDENTIFIER = JunKai.HQAlertViewUITests;
				PRODUCT_NAME = "$(TARGET_NAME)";
				TARGETED_DEVICE_FAMILY = "1,2";
				TEST_TARGET_NAME = HQAlertView;
			};
			name = Release;
		};
/* End XCBuildConfiguration section */

/* Begin XCConfigurationList section */
		7AA4D9C3215DB8600001696A /* Build configuration list for PBXProject "HQAlertView" */ = {
			isa = XCConfigurationList;
			buildConfigurations = (
				7AA4D9F2215DB8630001696A /* Debug */,
				7AA4D9F3215DB8630001696A /* Release */,
			);
			defaultConfigurationIsVisible = 0;
			defaultConfigurationName = Release;
		};
		7AA4D9F4215DB8630001696A /* Build configuration list for PBXNativeTarget "HQAlertView" */ = {
			isa = XCConfigurationList;
			buildConfigurations = (
				7AA4D9F5215DB8630001696A /* Debug */,
				7AA4D9F6215DB8630001696A /* Release */,
			);
			defaultConfigurationIsVisible = 0;
			defaultConfigurationName = Release;
		};
		7AA4D9F7215DB8630001696A /* Build configuration list for PBXNativeTarget "HQAlertViewTests" */ = {
			isa = XCConfigurationList;
			buildConfigurations = (
				7AA4D9F8215DB8630001696A /* Debug */,
				7AA4D9F9215DB8630001696A /* Release */,
			);
			defaultConfigurationIsVisible = 0;
			defaultConfigurationName = Release;
		};
		7AA4D9FA215DB8630001696A /* Build configuration list for PBXNativeTarget "HQAlertViewUITests" */ = {
			isa = XCConfigurationList;
			buildConfigurations = (
				7AA4D9FB215DB8630001696A /* Debug */,
				7AA4D9FC215DB8630001696A /* Release */,
			);
			defaultConfigurationIsVisible = 0;
			defaultConfigurationName = Release;
		};
/* End XCConfigurationList section */
	};
	rootObject = 7AA4D9C0215DB8600001696A /* Project object */;
}
